<Solution>
  <Folder Name="/src/">
    <Project Path="src/Marvel.Core/Marvel.Core.csproj" />
    <Project Path="src/Marvel.Rules/Marvel.Rules.csproj" />
    <Project Path="src/Marvel.Decisions/Marvel.Decisions.csproj" />
    <Project Path="src/Marvel.Cards/Marvel.Cards.csproj" />
    <Project Path="src/Marvel.Content/Marvel.Content.csproj" />
    <Project Path="src/Marvel.Client/Marvel.Client.csproj" />
    <Project Path="src/Marvel.Session/Marvel.Session.csproj" />
    <Project Path="src/Marvel.Sim/Marvel.Sim.csproj" />
    <Project Path="src/Marvel.View/Marvel.View.csproj" />
    <Project Path="src/Marvel.Server/Marvel.Server.csproj" />
    <Project Path="src/Marvel.Godot/Marvel.Godot.csproj" />
  </Folder>
  <Folder Name="/tools/">
    <Project Path="tools/Marvel.Behavior.Index/Marvel.Behavior.Index.csproj" />
    <Project Path="tools/Marvel.Behavior.Run/Marvel.Behavior.Run.csproj" />
    <Project Path="tools/Marvel.Rules.Index/Marvel.Rules.Index.csproj" />
    <Project Path="tools/Marvel.Cards.Extract/Marvel.Cards.Extract.csproj" />
    <Project Path="tools/Marvel.Rules.Harvest/Marvel.Rules.Harvest.csproj" />
    <Project Path="tools/Marvel.Rulings.Harvest/Marvel.Rulings.Harvest.csproj" />
    <Project Path="tools/Marvel.Release/Marvel.Release.csproj" />
    <Project Path="tools/Marvel.Rules.Packs.Harvest/Marvel.Rules.Packs.Harvest.csproj" />
    <Project Path="tools/Marvel.MarvelCdb.Harvest/Marvel.MarvelCdb.Harvest.csproj" />
  </Folder>
  <Folder Name="/tests/">
    <Project Path="tests/Marvel.Architecture.Tests/Marvel.Architecture.Tests.csproj" />
    <Project Path="tests/Marvel.Core.Tests/Marvel.Core.Tests.csproj" />
    <Project Path="tests/Marvel.Rules.Tests/Marvel.Rules.Tests.csproj" />
    <Project Path="tests/Marvel.Decisions.Tests/Marvel.Decisions.Tests.csproj" />
    <Project Path="tests/Marvel.Content.Tests/Marvel.Content.Tests.csproj" />
    <Project Path="tests/Marvel.Session.Tests/Marvel.Session.Tests.csproj" />
    <Project Path="tests/Marvel.Acceptance.Tests/Marvel.Acceptance.Tests.csproj" />
    <Project Path="tests/Marvel.View.Tests/Marvel.View.Tests.csproj" />
    <Project Path="tests/Marvel.Server.Tests/Marvel.Server.Tests.csproj" />
    <Project Path="tests/Marvel.Godot.Tests/Marvel.Godot.Tests.csproj" />
    <Project Path="tests/Marvel.Release.Tests/Marvel.Release.Tests.csproj" />
  </Folder>
</Solution>
